<?xml version="1.0" encoding="utf-8"?>
<Project ToolsVersion="4.0" xmlns="http://schemas.microsoft.com/developer/msbuild/2003">
  <ItemGroup>
    <Filter Include="Archivos de origen">
      <UniqueIdentifier>{4FC737F1-C7A5-4376-A066-2A32D752A2FF}</UniqueIdentifier>
      <Extensions>cpp;c;cc;cxx;c++;cppm;ixx;def;odl;idl;hpj;bat;asm;asmx</Extensions>
    </Filter>
    <Filter Include="Archivos de encabezado">
      <UniqueIdentifier>{93995380-89BD-4b04-88EB-625FBE52EBFB}</UniqueIdentifier>
      <Extensions>h;hh;hpp;hxx;h++;hm;inl;inc;ipp;xsd</Extensions>
    </Filter>
    <Filter Include="Archivos de recursos">
      <UniqueIdentifier>{67DA6AB6-F800-4c08-8B7A-83BB121AAD01}</UniqueIdentifier>
      <Extensions>rc;ico;cur;bmp;dlg;rc2;rct;bin;rgs;gif;jpg;jpeg;jpe;resx;tiff;tif;png;wav;mfcribbon-ms</Extensions>
    </Filter>
  </ItemGroup>
  <ItemGroup>
    <ClCompile Include="main.cpp">
      <Filter>Archivos de origen</Filter>
    </ClCompile>
    <ClCompile Include="Game.cpp">
      <Filter>Archivos de origen</Filter>
    </ClCompile>
    <ClCompile Include="deck.cpp">
      <Filter>Archivos de origen</Filter>
    </ClCompile>
    <ClCompile Include="card.cpp">
      <Filter>Archivos de origen</Filter>
    </ClCompile>
    <ClCompile Include="player.cpp">
      <Filter>Archivos de origen</Filter>
    </ClCompile>
    <ClCompile Include="menu.cpp">
      <Filter>Archivos de origen</Filter>
    </ClCompile>
  </ItemGroup>
  <ItemGroup>
    <ClInclude Include="card.h">
      <Filter>Archivos de encabezado</Filter>
    </ClInclude>
    <ClInclude Include="deck.h">
      <Filter>Archivos de encabezado</Filter>
    </ClInclude>
    <ClInclude Include="Game.h">
      <Filter>Archivos de encabezado</Filter>
    </ClInclude>
    <ClInclude Include="player.h">
      <Filter>Archivos de encabezado</Filter>
    </ClInclude>
    <ClInclude Include="menu.h">
      <Filter>Archivos de encabezado</Filter>
    </ClInclude>
  </ItemGroup>
  <ItemGroup>
    <Image Include="interfaz\UNObtn.png">
      <Filter>Archivos de recursos</Filter>
    </Image>
    <Image Include="deck\backUNO.png">
      <Filter>Archivos de recursos</Filter>
    </Image>
    <Image Include="interfaz\fondo.jpg">
      <Filter>Archivos de recursos</Filter>
    </Image>
    <Image Include="interfaz\menu.png">
      <Filter>Archivos de recursos</Filter>
    </Image>
    <Image Include="deck\g0.png">
      <Filter>Archivos de recursos</Filter>
    </Image>
    <Image Include="deck\g1.png">
      <Filter>Archivos de recursos</Filter>
    </Image>
    <Image Include="deck\g2.png">
      <Filter>Archivos de recursos</Filter>
    </Image>
    <Image Include="deck\g3.png">
      <Filter>Archivos de recursos</Filter>
    </Image>
    <Image Include="deck\g4.png">
      <Filter>Archivos de recursos</Filter>
    </Image>
    <Image Include="deck\g5.png">
      <Filter>Archivos de recursos</Filter>
    </Image>
    <Image Include="deck\g6.png">
      <Filter>Archivos de recursos</Filter>
    </Image>
    <Image Include="deck\g7.png">
      <Filter>Archivos de recursos</Filter>
    </Image>
    <Image Include="deck\g8.png">
      <Filter>Archivos de recursos</Filter>
    </Image>
    <Image Include="deck\g9.png">
      <Filter>Archivos de recursos</Filter>
    </Image>
    <Image Include="deck\g10.png">
      <Filter>Archivos de recursos</Filter>
    </Image>
    <Image Include="deck\g11.png">
      <Filter>Archivos de recursos</Filter>
    </Image>
    <Image Include="deck\g12.png">
      <Filter>Archivos de recursos</Filter>
    </Image>
    <Image Include="deck\N13.png">
      <Filter>Archivos de recursos</Filter>
    </Image>
    <Image Include="deck\N14.png">
      <Filter>Archivos de recursos</Filter>
    </Image>
    <Image Include="deck\r0.png">
      <Filter>Archivos de recursos</Filter>
    </Image>
    <Image Include="deck\r1.png">
      <Filter>Archivos de recursos</Filter>
    </Image>
    <Image Include="deck\r2.png">
      <Filter>Archivos de recursos</Filter>
    </Image>
    <Image Include="deck\r3.png">
      <Filter>Archivos de recursos</Filter>
    </Image>
    <Image Include="deck\r4.png">
      <Filter>Archivos de recursos</Filter>
    </Image>
    <Image Include="deck\r5.png">
      <Filter>Archivos de recursos</Filter>
    </Image>
    <Image Include="deck\r6.png">
      <Filter>Archivos de recursos</Filter>
    </Image>
    <Image Include="deck\r7.png">
      <Filter>Archivos de recursos</Filter>
    </Image>
    <Image Include="deck\r8.png">
      <Filter>Archivos de recursos</Filter>
    </Image>
    <Image Include="deck\r9.png">
      <Filter>Archivos de recursos</Filter>
    </Image>
    <Image Include="deck\r10.png">
      <Filter>Archivos de recursos</Filter>
    </Image>
    <Image Include="deck\r11.png">
      <Filter>Archivos de recursos</Filter>
    </Image>
    <Image Include="deck\r12.png">
      <Filter>Archivos de recursos</Filter>
    </Image>
    <Image Include="deck\y0.png">
      <Filter>Archivos de recursos</Filter>
    </Image>
    <Image Include="deck\y1.png">
      <Filter>Archivos de recursos</Filter>
    </Image>
    <Image Include="deck\y2.png">
      <Filter>Archivos de recursos</Filter>
    </Image>
    <Image Include="deck\y3.png">
      <Filter>Archivos de recursos</Filter>
    </Image>
    <Image Include="deck\y4.png">
      <Filter>Archivos de recursos</Filter>
    </Image>
    <Image Include="deck\y5.png">
      <Filter>Archivos de recursos</Filter>
    </Image>
    <Image Include="deck\y6.png">
      <Filter>Archivos de recursos</Filter>
    </Image>
    <Image Include="deck\y7.png">
      <Filter>Archivos de recursos</Filter>
    </Image>
    <Image Include="deck\y8.png">
      <Filter>Archivos de recursos</Filter>
    </Image>
    <Image Include="deck\y9.png">
      <Filter>Archivos de recursos</Filter>
    </Image>
    <Image Include="deck\y10.png">
      <Filter>Archivos de recursos</Filter>
    </Image>
    <Image Include="deck\y11.png">
      <Filter>Archivos de recursos</Filter>
    </Image>
    <Image Include="deck\y12.png">
      <Filter>Archivos de recursos</Filter>
    </Image>
    <Image Include="deck\b0.png">
      <Filter>Archivos de recursos</Filter>
    </Image>
    <Image Include="deck\b1.png">
      <Filter>Archivos de recursos</Filter>
    </Image>
    <Image Include="deck\b2.png">
      <Filter>Archivos de recursos</Filter>
    </Image>
    <Image Include="deck\b3.png">
      <Filter>Archivos de recursos</Filter>
    </Image>
    <Image Include="deck\b4.png">
      <Filter>Archivos de recursos</Filter>
    </Image>
    <Image Include="deck\b5.png">
      <Filter>Archivos de recursos</Filter>
    </Image>
    <Image Include="deck\b6.png">
      <Filter>Archivos de recursos</Filter>
    </Image>
    <Image Include="deck\b7.png">
      <Filter>Archivos de recursos</Filter>
    </Image>
    <Image Include="deck\b8.png">
      <Filter>Archivos de recursos</Filter>
    </Image>
    <Image Include="deck\b9.png">
      <Filter>Archivos de recursos</Filter>
    </Image>
    <Image Include="deck\b10.png">
      <Filter>Archivos de recursos</Filter>
    </Image>
    <Image Include="deck\b11.png">
      <Filter>Archivos de recursos</Filter>
    </Image>
    <Image Include="deck\b12.png">
      <Filter>Archivos de recursos</Filter>
    </Image>
  </ItemGroup>
  <ItemGroup>
    <Font Include="Fonts\BlackOpsOne-Regular.ttf">
      <Filter>Archivos de recursos</Filter>
    </Font>
  </ItemGroup>
</Project>